
Microsoft Visual Studio Solution File, Format Version 12.00
# Visual Studio 14
VisualStudioVersion = 14.0.24720.0
MinimumVisualStudioVersion = 10.0.40219.1
Project("{FAE04EC0-301F-11D3-BF4B-00C04F79EFBC}") = "StudentEnrollmentDataParser", "StudentEnrollmentDataParser\StudentEnrollmentDataParser.csproj", "{FF2B47A3-2578-4763-9B84-ACE1E4277DF6}"
EndProject
Project("{FAE04EC0-301F-11D3-BF4B-00C04F79EFBC}") = "StudentEnrollmentDataParserTests", "StudentEnrollmentDataParserTests\StudentEnrollmentDataParserTests.csproj", "{0D8B4554-8AE2-4739-B745-93F3626089D1}"
EndProject
Global
	GlobalSection(SolutionConfigurationPlatforms) = preSolution
		Debug|Any CPU = Debug|Any CPU
		Release|Any CPU = Release|Any CPU
	EndGlobalSection
	GlobalSection(ProjectConfigurationPlatforms) = postSolution
		{FF2B47A3-2578-4763-9B84-ACE1E4277DF6}.Debug|Any CPU.ActiveCfg = Debug|Any CPU
		{FF2B47A3-2578-4763-9B84-ACE1E4277DF6}.Debug|Any CPU.Build.0 = Debug|Any CPU
		{FF2B47A3-2578-4763-9B84-ACE1E4277DF6}.Release|Any CPU.ActiveCfg = Release|Any CPU
		{FF2B47A3-2578-4763-9B84-ACE1E4277DF6}.Release|Any CPU.Build.0 = Release|Any CPU
		{0D8B4554-8AE2-4739-B745-93F3626089D1}.Debug|Any CPU.ActiveCfg = Debug|Any CPU
		{0D8B4554-8AE2-4739-B745-93F3626089D1}.Debug|Any CPU.Build.0 = Debug|Any CPU
		{0D8B4554-8AE2-4739-B745-93F3626089D1}.Release|Any CPU.ActiveCfg = Release|Any CPU
		{0D8B4554-8AE2-4739-B745-93F3626089D1}.Release|Any CPU.Build.0 = Release|Any CPU
	EndGlobalSection
	GlobalSection(SolutionProperties) = preSolution
		HideSolutionNode = FALSE
	EndGlobalSection
	GlobalSection(TeamFoundationVersionControl) = preSolution
		SccNumberOfProjects = 3
		SccEnterpriseProvider = {4CA58AB2-18FA-4F8D-95D4-32DDF27D184C}
		SccTeamFoundationServer = https://battleborngroup.visualstudio.com/defaultcollection
		SccLocalPath0 = .
		SccProjectUniqueName1 = StudentEnrollmentDataParser\\StudentEnrollmentDataParser.csproj
		SccProjectName1 = StudentEnrollmentDataParser
		SccLocalPath1 = StudentEnrollmentDataParser
		SccProjectUniqueName2 = SchoolEnrollmentDataParserTests\\StudentEnrollmentDataParserTests.csproj
		SccProjectName2 = SchoolEnrollmentDataParserTests
		SccLocalPath2 = SchoolEnrollmentDataParserTests
	EndGlobalSection
EndGlobal
